
Microsoft Visual Studio Solution File, Format Version 12.00
# Visual Studio Version 16
VisualStudioVersion = 16.0.29512.175
MinimumVisualStudioVersion = 10.0.40219.1
Project("{2150E333-8FDC-42A3-9474-1A3956D46DE8}") = "src", "src", "{142D0043-FC5B-477D-83D9-B9F8D66C7FAA}"
EndProject
Project("{2150E333-8FDC-42A3-9474-1A3956D46DE8}") = "build", "build", "{4DAE62AE-9F09-4200-AC73-4B1D6B3BA604}"
EndProject
Project("{2150E333-8FDC-42A3-9474-1A3956D46DE8}") = "scripts", "scripts", "{023C1025-BB57-4B99-8143-051DFCEA4D44}"
	ProjectSection(SolutionItems) = preProject
		build\scripts\build-clean.cmd = build\scripts\build-clean.cmd
	EndProjectSection
EndProject
Project("{9A19103F-16F7-4668-BE54-9A1E7A4F7556}") = "D3.Core", "src\D3.Core\D3.Core.csproj", "{48DE9689-56B5-45E2-9EA4-2615B4276183}"
EndProject
Project("{9A19103F-16F7-4668-BE54-9A1E7A4F7556}") = "D3.Core.Search.Abstractions", "src\D3.Core.Search.Abstractions\D3.Core.Search.Abstractions.csproj", "{D5235D36-5D36-47CC-B185-7C592ECCDC2C}"
EndProject
Project("{9A19103F-16F7-4668-BE54-9A1E7A4F7556}") = "D3.Core.Search", "src\D3.Core.Search\D3.Core.Search.csproj", "{6EC7B14A-1C01-4C50-AC98-1CADB0A2F789}"
EndProject
Project("{9A19103F-16F7-4668-BE54-9A1E7A4F7556}") = "D3.Core.Search.Mapping", "src\D3.Core.Search.Mapping\D3.Core.Search.Mapping.csproj", "{3BE60F45-B6DE-4605-8B3A-958A4925FDDD}"
EndProject
Project("{9A19103F-16F7-4668-BE54-9A1E7A4F7556}") = "D3.Core.Search.EFCore", "src\D3.Core.Search.EFCore\D3.Core.Search.EFCore.csproj", "{9EC5CED7-7D62-4078-BD31-474674563734}"
EndProject
Project("{9A19103F-16F7-4668-BE54-9A1E7A4F7556}") = "D3.Core.Search.Mapping.EFCore", "src\D3.Core.Search.Mapping.EFCore\D3.Core.Search.Mapping.EFCore.csproj", "{DAFAD19E-DA64-47B7-8B85-D4AAC0FFD320}"
EndProject
Project("{2150E333-8FDC-42A3-9474-1A3956D46DE8}") = "tst", "tst", "{33B5C184-1558-429F-9DF8-BDD6781629D3}"
EndProject
Project("{9A19103F-16F7-4668-BE54-9A1E7A4F7556}") = "D3.Tests.Core.Search", "tst\D3.Tests.Core.Search\D3.Tests.Core.Search.csproj", "{B2D7E720-197E-4D08-8252-3755AC042FD2}"
EndProject
Project("{9A19103F-16F7-4668-BE54-9A1E7A4F7556}") = "D3.Tests.Core", "tst\D3.Tests.Core\D3.Tests.Core.csproj", "{5D064AA1-038C-4651-A672-698408ABADBE}"
EndProject
Project("{9A19103F-16F7-4668-BE54-9A1E7A4F7556}") = "D3.Tests", "tst\D3.Tests\D3.Tests.csproj", "{4C645960-D807-44E4-9189-A5F99BCAC708}"
EndProject
Project("{9A19103F-16F7-4668-BE54-9A1E7A4F7556}") = "D3.Tests.Core.Search.EFCore", "tst\D3.Tests.Core.Search.EFCore\D3.Tests.Core.Search.EFCore.csproj", "{857873EA-200A-44E5-835A-40F910490481}"
EndProject
Project("{9A19103F-16F7-4668-BE54-9A1E7A4F7556}") = "D3.Tests.Core.Search.Mapping", "tst\D3.Tests.Core.Search.Mapping\D3.Tests.Core.Search.Mapping.csproj", "{BCC0BC7E-60B6-45D7-B9FD-CA9F24A0CDD8}"
EndProject
Project("{9A19103F-16F7-4668-BE54-9A1E7A4F7556}") = "D3.Tests.Core.Search.Mapping.EFCore", "tst\D3.Tests.Core.Search.Mapping.EFCore\D3.Tests.Core.Search.Mapping.EFCore.csproj", "{DDA55AE6-3A31-471C-A83D-3BD918F32AD1}"
EndProject
Global
	GlobalSection(SolutionConfigurationPlatforms) = preSolution
		Debug|Any CPU = Debug|Any CPU
		Noauth|Any CPU = Noauth|Any CPU
		Release|Any CPU = Release|Any CPU
	EndGlobalSection
	GlobalSection(ProjectConfigurationPlatforms) = postSolution
		{48DE9689-56B5-45E2-9EA4-2615B4276183}.Debug|Any CPU.ActiveCfg = Debug|Any CPU
		{48DE9689-56B5-45E2-9EA4-2615B4276183}.Debug|Any CPU.Build.0 = Debug|Any CPU
		{48DE9689-56B5-45E2-9EA4-2615B4276183}.Noauth|Any CPU.ActiveCfg = Debug|Any CPU
		{48DE9689-56B5-45E2-9EA4-2615B4276183}.Noauth|Any CPU.Build.0 = Debug|Any CPU
		{48DE9689-56B5-45E2-9EA4-2615B4276183}.Release|Any CPU.ActiveCfg = Release|Any CPU
		{48DE9689-56B5-45E2-9EA4-2615B4276183}.Release|Any CPU.Build.0 = Release|Any CPU
		{D5235D36-5D36-47CC-B185-7C592ECCDC2C}.Debug|Any CPU.ActiveCfg = Debug|Any CPU
		{D5235D36-5D36-47CC-B185-7C592ECCDC2C}.Debug|Any CPU.Build.0 = Debug|Any CPU
		{D5235D36-5D36-47CC-B185-7C592ECCDC2C}.Noauth|Any CPU.ActiveCfg = Debug|Any CPU
		{D5235D36-5D36-47CC-B185-7C592ECCDC2C}.Noauth|Any CPU.Build.0 = Debug|Any CPU
		{D5235D36-5D36-47CC-B185-7C592ECCDC2C}.Release|Any CPU.ActiveCfg = Release|Any CPU
		{D5235D36-5D36-47CC-B185-7C592ECCDC2C}.Release|Any CPU.Build.0 = Release|Any CPU
		{6EC7B14A-1C01-4C50-AC98-1CADB0A2F789}.Debug|Any CPU.ActiveCfg = Debug|Any CPU
		{6EC7B14A-1C01-4C50-AC98-1CADB0A2F789}.Debug|Any CPU.Build.0 = Debug|Any CPU
		{6EC7B14A-1C01-4C50-AC98-1CADB0A2F789}.Noauth|Any CPU.ActiveCfg = Debug|Any CPU
		{6EC7B14A-1C01-4C50-AC98-1CADB0A2F789}.Noauth|Any CPU.Build.0 = Debug|Any CPU
		{6EC7B14A-1C01-4C50-AC98-1CADB0A2F789}.Release|Any CPU.ActiveCfg = Release|Any CPU
		{6EC7B14A-1C01-4C50-AC98-1CADB0A2F789}.Release|Any CPU.Build.0 = Release|Any CPU
		{3BE60F45-B6DE-4605-8B3A-958A4925FDDD}.Debug|Any CPU.ActiveCfg = Debug|Any CPU
		{3BE60F45-B6DE-4605-8B3A-958A4925FDDD}.Debug|Any CPU.Build.0 = Debug|Any CPU
		{3BE60F45-B6DE-4605-8B3A-958A4925FDDD}.Noauth|Any CPU.ActiveCfg = Debug|Any CPU
		{3BE60F45-B6DE-4605-8B3A-958A4925FDDD}.Noauth|Any CPU.Build.0 = Debug|Any CPU
		{3BE60F45-B6DE-4605-8B3A-958A4925FDDD}.Release|Any CPU.ActiveCfg = Release|Any CPU
		{3BE60F45-B6DE-4605-8B3A-958A4925FDDD}.Release|Any CPU.Build.0 = Release|Any CPU
		{9EC5CED7-7D62-4078-BD31-474674563734}.Debug|Any CPU.ActiveCfg = Debug|Any CPU
		{9EC5CED7-7D62-4078-BD31-474674563734}.Debug|Any CPU.Build.0 = Debug|Any CPU
		{9EC5CED7-7D62-4078-BD31-474674563734}.Noauth|Any CPU.ActiveCfg = Debug|Any CPU
		{9EC5CED7-7D62-4078-BD31-474674563734}.Noauth|Any CPU.Build.0 = Debug|Any CPU
		{9EC5CED7-7D62-4078-BD31-474674563734}.Release|Any CPU.ActiveCfg = Release|Any CPU
		{9EC5CED7-7D62-4078-BD31-474674563734}.Release|Any CPU.Build.0 = Release|Any CPU
		{DAFAD19E-DA64-47B7-8B85-D4AAC0FFD320}.Debug|Any CPU.ActiveCfg = Debug|Any CPU
		{DAFAD19E-DA64-47B7-8B85-D4AAC0FFD320}.Debug|Any CPU.Build.0 = Debug|Any CPU
		{DAFAD19E-DA64-47B7-8B85-D4AAC0FFD320}.Noauth|Any CPU.ActiveCfg = Debug|Any CPU
		{DAFAD19E-DA64-47B7-8B85-D4AAC0FFD320}.Noauth|Any CPU.Build.0 = Debug|Any CPU
		{DAFAD19E-DA64-47B7-8B85-D4AAC0FFD320}.Release|Any CPU.ActiveCfg = Release|Any CPU
		{DAFAD19E-DA64-47B7-8B85-D4AAC0FFD320}.Release|Any CPU.Build.0 = Release|Any CPU
		{B2D7E720-197E-4D08-8252-3755AC042FD2}.Debug|Any CPU.ActiveCfg = Debug|Any CPU
		{B2D7E720-197E-4D08-8252-3755AC042FD2}.Debug|Any CPU.Build.0 = Debug|Any CPU
		{B2D7E720-197E-4D08-8252-3755AC042FD2}.Noauth|Any CPU.ActiveCfg = Debug|Any CPU
		{B2D7E720-197E-4D08-8252-3755AC042FD2}.Noauth|Any CPU.Build.0 = Debug|Any CPU
		{B2D7E720-197E-4D08-8252-3755AC042FD2}.Release|Any CPU.ActiveCfg = Release|Any CPU
		{B2D7E720-197E-4D08-8252-3755AC042FD2}.Release|Any CPU.Build.0 = Release|Any CPU
		{5D064AA1-038C-4651-A672-698408ABADBE}.Debug|Any CPU.ActiveCfg = Debug|Any CPU
		{5D064AA1-038C-4651-A672-698408ABADBE}.Debug|Any CPU.Build.0 = Debug|Any CPU
		{5D064AA1-038C-4651-A672-698408ABADBE}.Noauth|Any CPU.ActiveCfg = Debug|Any CPU
		{5D064AA1-038C-4651-A672-698408ABADBE}.Noauth|Any CPU.Build.0 = Debug|Any CPU
		{5D064AA1-038C-4651-A672-698408ABADBE}.Release|Any CPU.ActiveCfg = Release|Any CPU
		{5D064AA1-038C-4651-A672-698408ABADBE}.Release|Any CPU.Build.0 = Release|Any CPU
		{4C645960-D807-44E4-9189-A5F99BCAC708}.Debug|Any CPU.ActiveCfg = Debug|Any CPU
		{4C645960-D807-44E4-9189-A5F99BCAC708}.Debug|Any CPU.Build.0 = Debug|Any CPU
		{4C645960-D807-44E4-9189-A5F99BCAC708}.Noauth|Any CPU.ActiveCfg = Debug|Any CPU
		{4C645960-D807-44E4-9189-A5F99BCAC708}.Noauth|Any CPU.Build.0 = Debug|Any CPU
		{4C645960-D807-44E4-9189-A5F99BCAC708}.Release|Any CPU.ActiveCfg = Release|Any CPU
		{4C645960-D807-44E4-9189-A5F99BCAC708}.Release|Any CPU.Build.0 = Release|Any CPU
		{857873EA-200A-44E5-835A-40F910490481}.Debug|Any CPU.ActiveCfg = Debug|Any CPU
		{857873EA-200A-44E5-835A-40F910490481}.Debug|Any CPU.Build.0 = Debug|Any CPU
		{857873EA-200A-44E5-835A-40F910490481}.Noauth|Any CPU.ActiveCfg = Debug|Any CPU
		{857873EA-200A-44E5-835A-40F910490481}.Noauth|Any CPU.Build.0 = Debug|Any CPU
		{857873EA-200A-44E5-835A-40F910490481}.Release|Any CPU.ActiveCfg = Release|Any CPU
		{857873EA-200A-44E5-835A-40F910490481}.Release|Any CPU.Build.0 = Release|Any CPU
		{BCC0BC7E-60B6-45D7-B9FD-CA9F24A0CDD8}.Debug|Any CPU.ActiveCfg = Debug|Any CPU
		{BCC0BC7E-60B6-45D7-B9FD-CA9F24A0CDD8}.Debug|Any CPU.Build.0 = Debug|Any CPU
		{BCC0BC7E-60B6-45D7-B9FD-CA9F24A0CDD8}.Noauth|Any CPU.ActiveCfg = Debug|Any CPU
		{BCC0BC7E-60B6-45D7-B9FD-CA9F24A0CDD8}.Noauth|Any CPU.Build.0 = Debug|Any CPU
		{BCC0BC7E-60B6-45D7-B9FD-CA9F24A0CDD8}.Release|Any CPU.ActiveCfg = Release|Any CPU
		{BCC0BC7E-60B6-45D7-B9FD-CA9F24A0CDD8}.Release|Any CPU.Build.0 = Release|Any CPU
		{DDA55AE6-3A31-471C-A83D-3BD918F32AD1}.Debug|Any CPU.ActiveCfg = Debug|Any CPU
		{DDA55AE6-3A31-471C-A83D-3BD918F32AD1}.Debug|Any CPU.Build.0 = Debug|Any CPU
		{DDA55AE6-3A31-471C-A83D-3BD918F32AD1}.Noauth|Any CPU.ActiveCfg = Debug|Any CPU
		{DDA55AE6-3A31-471C-A83D-3BD918F32AD1}.Noauth|Any CPU.Build.0 = Debug|Any CPU
		{DDA55AE6-3A31-471C-A83D-3BD918F32AD1}.Release|Any CPU.ActiveCfg = Release|Any CPU
		{DDA55AE6-3A31-471C-A83D-3BD918F32AD1}.Release|Any CPU.Build.0 = Release|Any CPU
	EndGlobalSection
	GlobalSection(SolutionProperties) = preSolution
		HideSolutionNode = FALSE
	EndGlobalSection
	GlobalSection(NestedProjects) = preSolution
		{023C1025-BB57-4B99-8143-051DFCEA4D44} = {4DAE62AE-9F09-4200-AC73-4B1D6B3BA604}
		{48DE9689-56B5-45E2-9EA4-2615B4276183} = {142D0043-FC5B-477D-83D9-B9F8D66C7FAA}
		{D5235D36-5D36-47CC-B185-7C592ECCDC2C} = {142D0043-FC5B-477D-83D9-B9F8D66C7FAA}
		{6EC7B14A-1C01-4C50-AC98-1CADB0A2F789} = {142D0043-FC5B-477D-83D9-B9F8D66C7FAA}
		{3BE60F45-B6DE-4605-8B3A-958A4925FDDD} = {142D0043-FC5B-477D-83D9-B9F8D66C7FAA}
		{9EC5CED7-7D62-4078-BD31-474674563734} = {142D0043-FC5B-477D-83D9-B9F8D66C7FAA}
		{DAFAD19E-DA64-47B7-8B85-D4AAC0FFD320} = {142D0043-FC5B-477D-83D9-B9F8D66C7FAA}
		{B2D7E720-197E-4D08-8252-3755AC042FD2} = {33B5C184-1558-429F-9DF8-BDD6781629D3}
		{5D064AA1-038C-4651-A672-698408ABADBE} = {33B5C184-1558-429F-9DF8-BDD6781629D3}
		{4C645960-D807-44E4-9189-A5F99BCAC708} = {33B5C184-1558-429F-9DF8-BDD6781629D3}
		{857873EA-200A-44E5-835A-40F910490481} = {33B5C184-1558-429F-9DF8-BDD6781629D3}
		{BCC0BC7E-60B6-45D7-B9FD-CA9F24A0CDD8} = {33B5C184-1558-429F-9DF8-BDD6781629D3}
		{DDA55AE6-3A31-471C-A83D-3BD918F32AD1} = {33B5C184-1558-429F-9DF8-BDD6781629D3}
	EndGlobalSection
	GlobalSection(ExtensibilityGlobals) = postSolution
		SolutionGuid = {385B2871-884F-4417-90C9-2919FF031285}
	EndGlobalSection
EndGlobal
